PODS:
  - adaptive_platform_ui (0.1.1):
    - Flutter
  - erika_flutter (0.1.3):
    - Flutter
  - Flutter (1.0.0)
  - flutter_js (0.1.0):
    - Flutter
  - fvp (0.33.1):
    - Flutter
    - FlutterMacOS
    - mdk (~> 0.33.1)
  - mdk (0.33.1)
  - media_kit_libs_ios_video (1.0.4):
    - Flutter
  - media_kit_video (0.0.1):
    - Flutter
  - nipaplay_smb2 (0.0.1):
    - Flutter
  - rust_lib_nipaplay (0.0.1):
    - Flutter

DEPENDENCIES:
  - adaptive_platform_ui (from `.symlinks/plugins/adaptive_platform_ui/ios`)
  - erika_flutter (from `.symlinks/plugins/erika_flutter/ios`)
  - Flutter (from `Flutter`)
  - flutter_js (from `.symlinks/plugins/flutter_js/ios`)
  - fvp (from `.symlinks/plugins/fvp/darwin`)
  - mdk (from `../third_party/podspecs/mdk.podspec.json`)
  - media_kit_libs_ios_video (from `.symlinks/plugins/media_kit_libs_ios_video/ios`)
  - media_kit_video (from `.symlinks/plugins/media_kit_video/ios`)
  - nipaplay_smb2 (from `.symlinks/plugins/nipaplay_smb2/ios`)
  - rust_lib_nipaplay (from `.symlinks/plugins/rust_lib_nipaplay/ios`)

EXTERNAL SOURCES:
  adaptive_platform_ui:
    :path: ".symlinks/plugins/adaptive_platform_ui/ios"
  erika_flutter:
    :path: ".symlinks/plugins/erika_flutter/ios"
  Flutter:
    :path: Flutter
  flutter_js:
    :path: ".symlinks/plugins/flutter_js/ios"
  fvp:
    :path: ".symlinks/plugins/fvp/darwin"
  mdk:
    :podspec: "../third_party/podspecs/mdk.podspec.json"
  media_kit_libs_ios_video:
    :path: ".symlinks/plugins/media_kit_libs_ios_video/ios"
  media_kit_video:
    :path: ".symlinks/plugins/media_kit_video/ios"
  nipaplay_smb2:
    :path: ".symlinks/plugins/nipaplay_smb2/ios"
  rust_lib_nipaplay:
    :path: ".symlinks/plugins/rust_lib_nipaplay/ios"

SPEC CHECKSUMS:
  adaptive_platform_ui: b3303b57b350e6b7d48f86eef86f044da7eda88f
  erika_flutter: b6950cd47c690ead2a1dcc96fefbbd43c6427f32
  Flutter: cabc95a1d2626b1b06e7179b784ebcf0c0cde467
  flutter_js: 867813c1830e1d9b2c5d547cdb6f61801e2f2145
  fvp: ed100b827d10aff53789fb9cb9dfdd85a87d037d
  mdk: ce8436c2c5ba770c7bfc0047f024ac2d967ac2d4
  media_kit_libs_ios_video: 5a18affdb97d1f5d466dc79988b13eff6c5e2854
  media_kit_video: 1746e198cb697d1ffb734b1d05ec429d1fcd1474
  nipaplay_smb2: 7fdcd026af3238f24b888ab979fe90fe90fb83e5
  rust_lib_nipaplay: 24094bdfbf0189205e94bacabe3d9aee7620fd8a

PODFILE CHECKSUM: 93f0a6d8c856a57570a7dc247ebc7c07f19d5058

COCOAPODS: 1.16.2
